
Microsoft Visual Studio Solution File, Format Version 12.00
# Visual Studio Version 17
VisualStudioVersion = 17.9.34622.214
MinimumVisualStudioVersion = 10.0.40219.1
Project("{2150E333-8FDC-42A3-9474-1A3956D46DE8}") = "1-Presentation", "1-Presentation", "{08E8F933-FBD2-4EC6-BE87-72666EA16550}"
EndProject
Project("{2150E333-8FDC-42A3-9474-1A3956D46DE8}") = "4-Infrastructure", "4-Infrastructure", "{C8DDD335-718B-44BF-9B77-8045552B0CEE}"
EndProject
Project("{2150E333-8FDC-42A3-9474-1A3956D46DE8}") = "2-Application", "2-Application", "{B1060A03-3094-4B15-A030-349500ABC1C8}"
EndProject
Project("{2150E333-8FDC-42A3-9474-1A3956D46DE8}") = "3-Domain", "3-Domain", "{09ABB09C-81E9-48D3-BA56-928D03132AC4}"
EndProject
Project("{9A19103F-16F7-4668-BE54-9A1E7A4F7556}") = "Store.Management.Web", "Store.Management.Web\Store.Management.Web.csproj", "{83ADD3B5-B516-48BD-A49B-21385C1AE569}"
EndProject
Project("{9A19103F-16F7-4668-BE54-9A1E7A4F7556}") = "Store.Management.Api", "Store.Management.Api\Store.Management.Api.csproj", "{72AC3545-3DEB-4139-BC28-92F28D8FBF7F}"
EndProject
Project("{9A19103F-16F7-4668-BE54-9A1E7A4F7556}") = "Store.Management.Application", "Store.Management.Application\Store.Management.Application.csproj", "{AF0B2EAE-F0FC-4269-ACFB-B2D629C2549A}"
EndProject
Project("{9A19103F-16F7-4668-BE54-9A1E7A4F7556}") = "Store.Management.Domain", "Store.Management.Domain\Store.Management.Domain.csproj", "{73EB6ABC-4B17-4EEC-B267-4F3049EFA973}"
EndProject
Project("{2150E333-8FDC-42A3-9474-1A3956D46DE8}") = "Data", "Data", "{1629A49F-37CE-4A36-A8EB-774DAC77004E}"
EndProject
Project("{2150E333-8FDC-42A3-9474-1A3956D46DE8}") = "CrossCutting", "CrossCutting", "{856D7165-C8C0-4D27-A6A5-61037478682A}"
EndProject
Project("{FAE04EC0-301F-11D3-BF4B-00C04F79EFBC}") = "Store.Management.Infrastructure.Data", "Store.Management.Infrastructure.Data\Store.Management.Infrastructure.Data.csproj", "{682C3847-B25B-4CE4-BE34-61742F5E9A4D}"
EndProject
Project("{FAE04EC0-301F-11D3-BF4B-00C04F79EFBC}") = "Store.Management.Infrastructure.CrossCutting", "Store.Management.Infrastructure.CrossCutting\Store.Management.Infrastructure.CrossCutting.csproj", "{22FB669D-92C5-4273-946D-40EA50AAF893}"
EndProject
Global
	GlobalSection(SolutionConfigurationPlatforms) = preSolution
		Debug|Any CPU = Debug|Any CPU
		Release|Any CPU = Release|Any CPU
	EndGlobalSection
	GlobalSection(ProjectConfigurationPlatforms) = postSolution
		{83ADD3B5-B516-48BD-A49B-21385C1AE569}.Debug|Any CPU.ActiveCfg = Debug|Any CPU
		{83ADD3B5-B516-48BD-A49B-21385C1AE569}.Debug|Any CPU.Build.0 = Debug|Any CPU
		{83ADD3B5-B516-48BD-A49B-21385C1AE569}.Release|Any CPU.ActiveCfg = Release|Any CPU
		{83ADD3B5-B516-48BD-A49B-21385C1AE569}.Release|Any CPU.Build.0 = Release|Any CPU
		{72AC3545-3DEB-4139-BC28-92F28D8FBF7F}.Debug|Any CPU.ActiveCfg = Debug|Any CPU
		{72AC3545-3DEB-4139-BC28-92F28D8FBF7F}.Debug|Any CPU.Build.0 = Debug|Any CPU
		{72AC3545-3DEB-4139-BC28-92F28D8FBF7F}.Release|Any CPU.ActiveCfg = Release|Any CPU
		{72AC3545-3DEB-4139-BC28-92F28D8FBF7F}.Release|Any CPU.Build.0 = Release|Any CPU
		{AF0B2EAE-F0FC-4269-ACFB-B2D629C2549A}.Debug|Any CPU.ActiveCfg = Debug|Any CPU
		{AF0B2EAE-F0FC-4269-ACFB-B2D629C2549A}.Debug|Any CPU.Build.0 = Debug|Any CPU
		{AF0B2EAE-F0FC-4269-ACFB-B2D629C2549A}.Release|Any CPU.ActiveCfg = Release|Any CPU
		{AF0B2EAE-F0FC-4269-ACFB-B2D629C2549A}.Release|Any CPU.Build.0 = Release|Any CPU
		{73EB6ABC-4B17-4EEC-B267-4F3049EFA973}.Debug|Any CPU.ActiveCfg = Debug|Any CPU
		{73EB6ABC-4B17-4EEC-B267-4F3049EFA973}.Debug|Any CPU.Build.0 = Debug|Any CPU
		{73EB6ABC-4B17-4EEC-B267-4F3049EFA973}.Release|Any CPU.ActiveCfg = Release|Any CPU
		{73EB6ABC-4B17-4EEC-B267-4F3049EFA973}.Release|Any CPU.Build.0 = Release|Any CPU
		{682C3847-B25B-4CE4-BE34-61742F5E9A4D}.Debug|Any CPU.ActiveCfg = Debug|Any CPU
		{682C3847-B25B-4CE4-BE34-61742F5E9A4D}.Debug|Any CPU.Build.0 = Debug|Any CPU
		{682C3847-B25B-4CE4-BE34-61742F5E9A4D}.Release|Any CPU.ActiveCfg = Release|Any CPU
		{682C3847-B25B-4CE4-BE34-61742F5E9A4D}.Release|Any CPU.Build.0 = Release|Any CPU
		{22FB669D-92C5-4273-946D-40EA50AAF893}.Debug|Any CPU.ActiveCfg = Debug|Any CPU
		{22FB669D-92C5-4273-946D-40EA50AAF893}.Debug|Any CPU.Build.0 = Debug|Any CPU
		{22FB669D-92C5-4273-946D-40EA50AAF893}.Release|Any CPU.ActiveCfg = Release|Any CPU
		{22FB669D-92C5-4273-946D-40EA50AAF893}.Release|Any CPU.Build.0 = Release|Any CPU
	EndGlobalSection
	GlobalSection(SolutionProperties) = preSolution
		HideSolutionNode = FALSE
	EndGlobalSection
	GlobalSection(NestedProjects) = preSolution
		{83ADD3B5-B516-48BD-A49B-21385C1AE569} = {08E8F933-FBD2-4EC6-BE87-72666EA16550}
		{72AC3545-3DEB-4139-BC28-92F28D8FBF7F} = {08E8F933-FBD2-4EC6-BE87-72666EA16550}
		{AF0B2EAE-F0FC-4269-ACFB-B2D629C2549A} = {B1060A03-3094-4B15-A030-349500ABC1C8}
		{73EB6ABC-4B17-4EEC-B267-4F3049EFA973} = {09ABB09C-81E9-48D3-BA56-928D03132AC4}
		{1629A49F-37CE-4A36-A8EB-774DAC77004E} = {C8DDD335-718B-44BF-9B77-8045552B0CEE}
		{856D7165-C8C0-4D27-A6A5-61037478682A} = {C8DDD335-718B-44BF-9B77-8045552B0CEE}
		{682C3847-B25B-4CE4-BE34-61742F5E9A4D} = {1629A49F-37CE-4A36-A8EB-774DAC77004E}
		{22FB669D-92C5-4273-946D-40EA50AAF893} = {856D7165-C8C0-4D27-A6A5-61037478682A}
	EndGlobalSection
	GlobalSection(ExtensibilityGlobals) = postSolution
		SolutionGuid = {2D8D97B8-076A-4358-8CAA-8A82D0C6D623}
	EndGlobalSection
EndGlobal
