
Microsoft Visual Studio Solution File, Format Version 12.00
# Visual Studio Version 17
VisualStudioVersion = 17.9.34622.214
MinimumVisualStudioVersion = 10.0.40219.1
Project("{9A19103F-16F7-4668-BE54-9A1E7A4F7556}") = "Store.Management", "Store.Management.csproj", "{B12AC9F9-C6F6-4E75-A808-7644F39CCD66}"
EndProject
Global
	GlobalSection(SolutionConfigurationPlatforms) = preSolution
		Debug|Any CPU = Debug|Any CPU
		Release|Any CPU = Release|Any CPU
	EndGlobalSection
	GlobalSection(ProjectConfigurationPlatforms) = postSolution
		{B12AC9F9-C6F6-4E75-A808-7644F39CCD66}.Debug|Any CPU.ActiveCfg = Debug|Any CPU
		{B12AC9F9-C6F6-4E75-A808-7644F39CCD66}.Debug|Any CPU.Build.0 = Debug|Any CPU
		{B12AC9F9-C6F6-4E75-A808-7644F39CCD66}.Release|Any CPU.ActiveCfg = Release|Any CPU
		{B12AC9F9-C6F6-4E75-A808-7644F39CCD66}.Release|Any CPU.Build.0 = Release|Any CPU
	EndGlobalSection
	GlobalSection(SolutionProperties) = preSolution
		HideSolutionNode = FALSE
	EndGlobalSection
	GlobalSection(ExtensibilityGlobals) = postSolution
		SolutionGuid = {2D8D97B8-076A-4358-8CAA-8A82D0C6D623}
	EndGlobalSection
EndGlobal
